
Microsoft Visual Studio Solution File, Format Version 12.00
# Visual Studio Version 17
VisualStudioVersion = 17.0.32014.148
MinimumVisualStudioVersion = 10.0.40219.1
Project("{FAE04EC0-301F-11D3-BF4B-00C04F79EFBC}") = "QuanLyBanHang", "QuanLyBanHang\QuanLyBanHang.csproj", "{E6C84C68-1C4C-4FE5-9C1C-8E54F33FE7D1}"
EndProject
Project("{54435603-DBB4-11D2-8724-00A0C9A8B90C}") = "QLBHSetup", "QLBHSetup\QLBHSetup.vdproj", "{D43CFDA4-E182-4932-9698-7DD34A1F9E95}"
EndProject
Global
	GlobalSection(SolutionConfigurationPlatforms) = preSolution
		Debug|Any CPU = Debug|Any CPU
		Release|Any CPU = Release|Any CPU
	EndGlobalSection
	GlobalSection(ProjectConfigurationPlatforms) = postSolution
		{E6C84C68-1C4C-4FE5-9C1C-8E54F33FE7D1}.Debug|Any CPU.ActiveCfg = Debug|Any CPU
		{E6C84C68-1C4C-4FE5-9C1C-8E54F33FE7D1}.Debug|Any CPU.Build.0 = Debug|Any CPU
		{E6C84C68-1C4C-4FE5-9C1C-8E54F33FE7D1}.Release|Any CPU.ActiveCfg = Release|Any CPU
		{E6C84C68-1C4C-4FE5-9C1C-8E54F33FE7D1}.Release|Any CPU.Build.0 = Release|Any CPU
		{D43CFDA4-E182-4932-9698-7DD34A1F9E95}.Debug|Any CPU.ActiveCfg = Debug
		{D43CFDA4-E182-4932-9698-7DD34A1F9E95}.Release|Any CPU.ActiveCfg = Release
	EndGlobalSection
	GlobalSection(SolutionProperties) = preSolution
		HideSolutionNode = FALSE
	EndGlobalSection
	GlobalSection(ExtensibilityGlobals) = postSolution
		SolutionGuid = {4661CD85-8BB0-4C6A-B593-1956A31F706B}
	EndGlobalSection
EndGlobal
